{
    "version": 3,
    "terraform_version": "0.9.5",
    "serial": 27,
    "lineage": "7ed0c601-753f-4e9c-9f11-7f04821d7453",
    "modules": [
        {
            "path": [
                "root"
            ],
            "outputs": {},
            "resources": {
                "aws_autoscaling_group.ecs-example-autoscaling": {
                    "type": "aws_autoscaling_group",
                    "depends_on": [
                        "aws_launch_configuration.ecs-example-launchconfig",
                        "aws_subnet.main-public-1",
                        "aws_subnet.main-public-2"
                    ],
                    "primary": {
                        "id": "ecs-example-autoscaling",
                        "attributes": {
                            "arn": "arn:aws:autoscaling:eu-west-1:540098831271:autoScalingGroup:9be13961-1e7e-456a-a889-52a6238a331f:autoScalingGroupName/ecs-example-autoscaling",
                            "availability_zones.#": "2",
                            "availability_zones.1924028850": "eu-west-1b",
                            "availability_zones.3953592328": "eu-west-1a",
                            "default_cooldown": "300",
                            "desired_capacity": "2",
                            "force_delete": "false",
                            "health_check_grace_period": "300",
                            "health_check_type": "EC2",
                            "id": "ecs-example-autoscaling",
                            "launch_configuration": "ecs-launchconfig00c5bd166518829360d54e96ce",
                            "load_balancers.#": "0",
                            "max_size": "3",
                            "metrics_granularity": "1Minute",
                            "min_size": "2",
                            "name": "ecs-example-autoscaling",
                            "placement_group": "",
                            "protect_from_scale_in": "false",
                            "suspended_processes.#": "0",
                            "tag.#": "1",
                            "tag.2348833364.key": "Name",
                            "tag.2348833364.propagate_at_launch": "true",
                            "tag.2348833364.value": "ecs-ec2-container",
                            "target_group_arns.#": "0",
                            "termination_policies.#": "0",
                            "vpc_zone_identifier.#": "2",
                            "vpc_zone_identifier.1014931875": "subnet-56a6bd31",
                            "vpc_zone_identifier.567620274": "subnet-3f1a3d64",
                            "wait_for_capacity_timeout": "10m"
                        },
                        "meta": {},
                        "tainted": false
                    },
                    "deposed": [],
                    "provider": ""
                },
                "aws_ecs_cluster.example-cluster": {
                    "type": "aws_ecs_cluster",
                    "depends_on": [],
                    "primary": {
                        "id": "arn:aws:ecs:eu-west-1:540098831271:cluster/example-cluster",
                        "attributes": {
                            "id": "arn:aws:ecs:eu-west-1:540098831271:cluster/example-cluster",
                            "name": "example-cluster"
                        },
                        "meta": {},
                        "tainted": false
                    },
                    "deposed": [],
                    "provider": ""
                },
                "aws_ecs_task_definition.myapp-task-definition": {
                    "type": "aws_ecs_task_definition",
                    "depends_on": [
                        "data.template_file.myapp-task-definition-template"
                    ],
                    "primary": {
                        "id": "33",
                        "attributes": {
                            "arn": "arn:aws:ecs:eu-west-1:540098831271:task-definition/33:1",
                            "container_definitions": "e5419976ae15f2b91567521100d3557718f506e0",
                            "family": "33",
                            "id": "33",
                            "network_mode": "",
                            "placement_constraints.#": "0",
                            "revision": "1",
                            "task_role_arn": ""
                        },
                        "meta": {},
                        "tainted": false
                    },
                    "deposed": [],
                    "provider": ""
                },
                "aws_elb.myapp-elb": {
                    "type": "aws_elb",
                    "depends_on": [
                        "aws_security_group.myapp-elb-securitygroup",
                        "aws_subnet.main-public-1",
                        "aws_subnet.main-public-2"
                    ],
                    "primary": {
                        "id": "myapp-elb",
                        "attributes": {
                            "availability_zones.#": "0",
                            "connection_draining": "true",
                            "connection_draining_timeout": "400",
                            "cross_zone_load_balancing": "true",
                            "id": "myapp-elb",
                            "idle_timeout": "400",
                            "listener.#": "1",
                            "listener.2797230273.instance_port": "3000",
                            "listener.2797230273.instance_protocol": "http",
                            "listener.2797230273.lb_port": "80",
                            "listener.2797230273.lb_protocol": "http",
                            "listener.2797230273.ssl_certificate_id": "",
                            "name": "myapp-elb",
                            "security_groups.#": "1",
                            "security_groups.944837221": "sg-22fc1e58",
                            "subnets.#": "2",
                            "subnets.1014931875": "subnet-56a6bd31",
                            "subnets.567620274": "subnet-3f1a3d64"
                        },
                        "meta": {},
                        "tainted": false
                    },
                    "deposed": [],
                    "provider": ""
                },
                "aws_iam_instance_profile.ecs-ec2-role": {
                    "type": "aws_iam_instance_profile",
                    "depends_on": [
                        "aws_iam_role.ecs-ec2-role"
                    ],
                    "primary": {
                        "id": "ecs-ec2-role",
                        "attributes": {
                            "arn": "arn:aws:iam::540098831271:instance-profile/ecs-ec2-role",
                            "id": "ecs-ec2-role",
                            "name": "ecs-ec2-role",
                            "path": "/",
                            "roles.#": "1",
                            "roles.1212782307": "ecs-ec2-role",
                            "unique_id": "AIPAJGRHQEVTVYRKOIGFM"
                        },
                        "meta": {},
                        "tainted": false
                    },
                    "deposed": [],
                    "provider": ""
                },
                "aws_iam_policy_attachment.ecs-service-attach1": {
                    "type": "aws_iam_policy_attachment",
                    "depends_on": [
                        "aws_iam_role.ecs-service-role"
                    ],
                    "primary": {
                        "id": "ecs-service-attach1",
                        "attributes": {
                            "groups.#": "0",
                            "id": "ecs-service-attach1",
                            "name": "ecs-service-attach1",
                            "policy_arn": "arn:aws:iam::aws:policy/service-role/AmazonEC2ContainerServiceRole",
                            "roles.#": "1",
                            "roles.4283548173": "ecs-service-role",
                            "users.#": "0"
                        },
                        "meta": {},
                        "tainted": false
                    },
                    "deposed": [],
                    "provider": ""
                },
                "aws_iam_role.ecs-consul-server-role": {
                    "type": "aws_iam_role",
                    "depends_on": [],
                    "primary": {
                        "id": "ecs-consul-server-role",
                        "attributes": {
                            "arn": "arn:aws:iam::540098831271:role/ecs-consul-server-role",
                            "assume_role_policy": "{\"Version\":\"2012-10-17\",\"Statement\":[{\"Sid\":\"\",\"Effect\":\"Allow\",\"Principal\":{\"Service\":\"ec2.amazonaws.com\"},\"Action\":\"sts:AssumeRole\"}]}",
                            "create_date": "2018-01-21T09:49:02Z",
                            "id": "ecs-consul-server-role",
                            "name": "ecs-consul-server-role",
                            "path": "/",
                            "unique_id": "AROAJXF3NHMKY7B3YBY5C"
                        },
                        "meta": {},
                        "tainted": false
                    },
                    "deposed": [],
                    "provider": ""
                },
                "aws_iam_role.ecs-ec2-role": {
                    "type": "aws_iam_role",
                    "depends_on": [],
                    "primary": {
                        "id": "ecs-ec2-role",
                        "attributes": {
                            "arn": "arn:aws:iam::540098831271:role/ecs-ec2-role",
                            "assume_role_policy": "{\"Version\":\"2012-10-17\",\"Statement\":[{\"Sid\":\"\",\"Effect\":\"Allow\",\"Principal\":{\"Service\":\"ec2.amazonaws.com\"},\"Action\":\"sts:AssumeRole\"}]}",
                            "create_date": "2018-01-21T09:49:02Z",
                            "id": "ecs-ec2-role",
                            "name": "ecs-ec2-role",
                            "path": "/",
                            "unique_id": "AROAJWORRWR5CBF7PQ7I2"
                        },
                        "meta": {},
                        "tainted": false
                    },
                    "deposed": [],
                    "provider": ""
                },
                "aws_iam_role.ecs-service-role": {
                    "type": "aws_iam_role",
                    "depends_on": [],
                    "primary": {
                        "id": "ecs-service-role",
                        "attributes": {
                            "arn": "arn:aws:iam::540098831271:role/ecs-service-role",
                            "assume_role_policy": "{\"Version\":\"2012-10-17\",\"Statement\":[{\"Sid\":\"\",\"Effect\":\"Allow\",\"Principal\":{\"Service\":\"ecs.amazonaws.com\"},\"Action\":\"sts:AssumeRole\"}]}",
                            "create_date": "2018-01-21T09:49:02Z",
                            "id": "ecs-service-role",
                            "name": "ecs-service-role",
                            "path": "/",
                            "unique_id": "AROAI54AOBL5S4H7MOWXW"
                        },
                        "meta": {},
                        "tainted": false
                    },
                    "deposed": [],
                    "provider": ""
                },
                "aws_iam_role_policy.ecs-ec2-role-policy": {
                    "type": "aws_iam_role_policy",
                    "depends_on": [
                        "aws_iam_role.ecs-ec2-role"
                    ],
                    "primary": {
                        "id": "ecs-ec2-role:ecs-ec2-role-policy",
                        "attributes": {
                            "id": "ecs-ec2-role:ecs-ec2-role-policy",
                            "name": "ecs-ec2-role-policy",
                            "policy": "{\n    \"Version\": \"2012-10-17\",\n    \"Statement\": [\n        {\n            \"Effect\": \"Allow\",\n            \"Action\": [\n              \"ecs:CreateCluster\",\n              \"ecs:DeregisterContainerInstance\",\n              \"ecs:DiscoverPollEndpoint\",\n              \"ecs:Poll\",\n              \"ecs:RegisterContainerInstance\",\n              \"ecs:StartTelemetrySession\",\n              \"ecs:Submit*\",\n              \"ecs:StartTask\",\n              \"ecr:GetAuthorizationToken\",\n              \"ecr:BatchCheckLayerAvailability\",\n              \"ecr:GetDownloadUrlForLayer\",\n              \"ecr:BatchGetImage\",\n              \"logs:CreateLogStream\",\n              \"logs:PutLogEvents\"\n            ],\n            \"Resource\": \"*\"\n        },\n        {\n            \"Effect\": \"Allow\",\n            \"Action\": [\n                \"logs:CreateLogGroup\",\n                \"logs:CreateLogStream\",\n                \"logs:PutLogEvents\",\n                \"logs:DescribeLogStreams\"\n            ],\n            \"Resource\": [\n                \"arn:aws:logs:*:*:*\"\n            ]\n        }\n    ]\n}\n",
                            "role": "ecs-ec2-role"
                        },
                        "meta": {},
                        "tainted": false
                    },
                    "deposed": [],
                    "provider": ""
                },
                "aws_internet_gateway.main-gw": {
                    "type": "aws_internet_gateway",
                    "depends_on": [
                        "aws_vpc.main"
                    ],
                    "primary": {
                        "id": "igw-7b80281c",
                        "attributes": {
                            "id": "igw-7b80281c",
                            "tags.%": "1",
                            "tags.Name": "main",
                            "vpc_id": "vpc-8a6098ec"
                        },
                        "meta": {},
                        "tainted": false
                    },
                    "deposed": [],
                    "provider": ""
                },
                "aws_key_pair.mykeypair": {
                    "type": "aws_key_pair",
                    "depends_on": [],
                    "primary": {
                        "id": "mykeypair",
                        "attributes": {
                            "id": "mykeypair",
                            "key_name": "mykeypair",
                            "public_key": "ssh-rsa AAAAB3NzaC1yc2EAAAADAQABAAABAQC6yEYgcxyTNId5t66V/9/4U9Q1a24lcyX+GLuNFaHlHPLLNu9vqKw0rZgSv2gtaJQgnicL5QEV8H36Gm+R+XvGu65+FKPVA1R1w5MAxteckWJDCthDwoy1H+eDlzW7GUpXGD3p9ZET+QQVzmJZO55IXdq1a/db5FGey1zBuuSJooeIYS2qieXLVOqEik7JQKLUEghrhoYuYxpWLErOektha6wuNUUsQw0iT8SuBSnV+RzQzCkELnt2jtUD3aVvTtw9XBg/A006ic5zupA7lL5Fe5WIrqftp9vukpV/zUHBD2uJYPtdjAg20f4qnizbTlVorODN7KouuHeph0zR/76D root@ip-172-31-36-63"
                        },
                        "meta": {
                            "schema_version": "1"
                        },
                        "tainted": false
                    },
                    "deposed": [],
                    "provider": ""
                },
                "aws_launch_configuration.ecs-example-launchconfig": {
                    "type": "aws_launch_configuration",
                    "depends_on": [
                        "aws_iam_instance_profile.ecs-ec2-role",
                        "aws_key_pair.mykeypair",
                        "aws_security_group.ecs-securitygroup"
                    ],
                    "primary": {
                        "id": "ecs-launchconfig00c5bd166518829360d54e96ce",
                        "attributes": {
                            "associate_public_ip_address": "false",
                            "ebs_block_device.#": "0",
                            "ebs_optimized": "false",
                            "enable_monitoring": "true",
                            "ephemeral_block_device.#": "0",
                            "iam_instance_profile": "ecs-ec2-role",
                            "id": "ecs-launchconfig00c5bd166518829360d54e96ce",
                            "image_id": "ami-c8337dbb",
                            "instance_type": "t2.micro",
                            "key_name": "mykeypair",
                            "name": "ecs-launchconfig00c5bd166518829360d54e96ce",
                            "name_prefix": "ecs-launchconfig",
                            "root_block_device.#": "0",
                            "security_groups.#": "1",
                            "security_groups.2406705690": "sg-b0fe1cca",
                            "spot_price": "",
                            "user_data": "2283a54db9f636900b49c3e2a6cd048bca08dd5b",
                            "vpc_classic_link_id": "",
                            "vpc_classic_link_security_groups.#": "0"
                        },
                        "meta": {},
                        "tainted": false
                    },
                    "deposed": [],
                    "provider": ""
                },
                "aws_route_table.main-public": {
                    "type": "aws_route_table",
                    "depends_on": [
                        "aws_internet_gateway.main-gw",
                        "aws_vpc.main"
                    ],
                    "primary": {
                        "id": "rtb-022d2e64",
                        "attributes": {
                            "id": "rtb-022d2e64",
                            "propagating_vgws.#": "0",
                            "route.#": "1",
                            "route.171744025.cidr_block": "0.0.0.0/0",
                            "route.171744025.egress_only_gateway_id": "",
                            "route.171744025.gateway_id": "igw-7b80281c",
                            "route.171744025.instance_id": "",
                            "route.171744025.ipv6_cidr_block": "",
                            "route.171744025.nat_gateway_id": "",
                            "route.171744025.network_interface_id": "",
                            "route.171744025.vpc_peering_connection_id": "",
                            "tags.%": "1",
                            "tags.Name": "main-public-1",
                            "vpc_id": "vpc-8a6098ec"
                        },
                        "meta": {},
                        "tainted": false
                    },
                    "deposed": [],
                    "provider": ""
                },
                "aws_route_table_association.main-public-1-a": {
                    "type": "aws_route_table_association",
                    "depends_on": [
                        "aws_route_table.main-public",
                        "aws_subnet.main-public-1"
                    ],
                    "primary": {
                        "id": "rtbassoc-272ad05f",
                        "attributes": {
                            "id": "rtbassoc-272ad05f",
                            "route_table_id": "rtb-022d2e64",
                            "subnet_id": "subnet-3f1a3d64"
                        },
                        "meta": {},
                        "tainted": false
                    },
                    "deposed": [],
                    "provider": ""
                },
                "aws_route_table_association.main-public-2-a": {
                    "type": "aws_route_table_association",
                    "depends_on": [
                        "aws_route_table.main-public",
                        "aws_subnet.main-public-2"
                    ],
                    "primary": {
                        "id": "rtbassoc-442dd73c",
                        "attributes": {
                            "id": "rtbassoc-442dd73c",
                            "route_table_id": "rtb-022d2e64",
                            "subnet_id": "subnet-56a6bd31"
                        },
                        "meta": {},
                        "tainted": false
                    },
                    "deposed": [],
                    "provider": ""
                },
                "aws_route_table_association.main-public-3-a": {
                    "type": "aws_route_table_association",
                    "depends_on": [
                        "aws_route_table.main-public",
                        "aws_subnet.main-public-3"
                    ],
                    "primary": {
                        "id": "rtbassoc-e832c890",
                        "attributes": {
                            "id": "rtbassoc-e832c890",
                            "route_table_id": "rtb-022d2e64",
                            "subnet_id": "subnet-a0d43ae8"
                        },
                        "meta": {},
                        "tainted": false
                    },
                    "deposed": [],
                    "provider": ""
                },
                "aws_security_group.ecs-securitygroup": {
                    "type": "aws_security_group",
                    "depends_on": [
                        "aws_security_group.myapp-elb-securitygroup",
                        "aws_vpc.main"
                    ],
                    "primary": {
                        "id": "sg-b0fe1cca",
                        "attributes": {
                            "description": "security group for ecs",
                            "egress.#": "1",
                            "egress.482069346.cidr_blocks.#": "1",
                            "egress.482069346.cidr_blocks.0": "0.0.0.0/0",
                            "egress.482069346.from_port": "0",
                            "egress.482069346.ipv6_cidr_blocks.#": "0",
                            "egress.482069346.prefix_list_ids.#": "0",
                            "egress.482069346.protocol": "-1",
                            "egress.482069346.security_groups.#": "0",
                            "egress.482069346.self": "false",
                            "egress.482069346.to_port": "0",
                            "id": "sg-b0fe1cca",
                            "ingress.#": "2",
                            "ingress.2541437006.cidr_blocks.#": "1",
                            "ingress.2541437006.cidr_blocks.0": "0.0.0.0/0",
                            "ingress.2541437006.from_port": "22",
                            "ingress.2541437006.ipv6_cidr_blocks.#": "0",
                            "ingress.2541437006.protocol": "tcp",
                            "ingress.2541437006.security_groups.#": "0",
                            "ingress.2541437006.self": "false",
                            "ingress.2541437006.to_port": "22",
                            "ingress.2947841483.cidr_blocks.#": "0",
                            "ingress.2947841483.from_port": "3000",
                            "ingress.2947841483.ipv6_cidr_blocks.#": "0",
                            "ingress.2947841483.protocol": "tcp",
                            "ingress.2947841483.security_groups.#": "1",
                            "ingress.2947841483.security_groups.944837221": "sg-22fc1e58",
                            "ingress.2947841483.self": "false",
                            "ingress.2947841483.to_port": "3000",
                            "name": "ecs",
                            "owner_id": "540098831271",
                            "tags.%": "1",
                            "tags.Name": "ecs",
                            "vpc_id": "vpc-8a6098ec"
                        },
                        "meta": {},
                        "tainted": false
                    },
                    "deposed": [],
                    "provider": ""
                },
                "aws_security_group.myapp-elb-securitygroup": {
                    "type": "aws_security_group",
                    "depends_on": [
                        "aws_vpc.main"
                    ],
                    "primary": {
                        "id": "sg-22fc1e58",
                        "attributes": {
                            "description": "security group for ecs",
                            "egress.#": "1",
                            "egress.482069346.cidr_blocks.#": "1",
                            "egress.482069346.cidr_blocks.0": "0.0.0.0/0",
                            "egress.482069346.from_port": "0",
                            "egress.482069346.ipv6_cidr_blocks.#": "0",
                            "egress.482069346.prefix_list_ids.#": "0",
                            "egress.482069346.protocol": "-1",
                            "egress.482069346.security_groups.#": "0",
                            "egress.482069346.self": "false",
                            "egress.482069346.to_port": "0",
                            "id": "sg-22fc1e58",
                            "ingress.#": "1",
                            "ingress.2214680975.cidr_blocks.#": "1",
                            "ingress.2214680975.cidr_blocks.0": "0.0.0.0/0",
                            "ingress.2214680975.from_port": "80",
                            "ingress.2214680975.ipv6_cidr_blocks.#": "0",
                            "ingress.2214680975.protocol": "tcp",
                            "ingress.2214680975.security_groups.#": "0",
                            "ingress.2214680975.self": "false",
                            "ingress.2214680975.to_port": "80",
                            "name": "myapp-elb",
                            "owner_id": "540098831271",
                            "tags.%": "1",
                            "tags.Name": "myapp-elb",
                            "vpc_id": "vpc-8a6098ec"
                        },
                        "meta": {},
                        "tainted": false
                    },
                    "deposed": [],
                    "provider": ""
                },
                "aws_subnet.main-private-1": {
                    "type": "aws_subnet",
                    "depends_on": [
                        "aws_vpc.main"
                    ],
                    "primary": {
                        "id": "subnet-aa193ef1",
                        "attributes": {
                            "assign_ipv6_address_on_creation": "false",
                            "availability_zone": "eu-west-1a",
                            "cidr_block": "10.0.4.0/24",
                            "id": "subnet-aa193ef1",
                            "map_public_ip_on_launch": "false",
                            "tags.%": "1",
                            "tags.Name": "main-private-1",
                            "vpc_id": "vpc-8a6098ec"
                        },
                        "meta": {
                            "schema_version": "1"
                        },
                        "tainted": false
                    },
                    "deposed": [],
                    "provider": ""
                },
                "aws_subnet.main-private-2": {
                    "type": "aws_subnet",
                    "depends_on": [
                        "aws_vpc.main"
                    ],
                    "primary": {
                        "id": "subnet-b1a1bad6",
                        "attributes": {
                            "assign_ipv6_address_on_creation": "false",
                            "availability_zone": "eu-west-1b",
                            "cidr_block": "10.0.5.0/24",
                            "id": "subnet-b1a1bad6",
                            "map_public_ip_on_launch": "false",
                            "tags.%": "1",
                            "tags.Name": "main-private-2",
                            "vpc_id": "vpc-8a6098ec"
                        },
                        "meta": {
                            "schema_version": "1"
                        },
                        "tainted": false
                    },
                    "deposed": [],
                    "provider": ""
                },
                "aws_subnet.main-private-3": {
                    "type": "aws_subnet",
                    "depends_on": [
                        "aws_vpc.main"
                    ],
                    "primary": {
                        "id": "subnet-7ad33d32",
                        "attributes": {
                            "assign_ipv6_address_on_creation": "false",
                            "availability_zone": "eu-west-1c",
                            "cidr_block": "10.0.6.0/24",
                            "id": "subnet-7ad33d32",
                            "map_public_ip_on_launch": "false",
                            "tags.%": "1",
                            "tags.Name": "main-private-3",
                            "vpc_id": "vpc-8a6098ec"
                        },
                        "meta": {
                            "schema_version": "1"
                        },
                        "tainted": false
                    },
                    "deposed": [],
                    "provider": ""
                },
                "aws_subnet.main-public-1": {
                    "type": "aws_subnet",
                    "depends_on": [
                        "aws_vpc.main"
                    ],
                    "primary": {
                        "id": "subnet-3f1a3d64",
                        "attributes": {
                            "assign_ipv6_address_on_creation": "false",
                            "availability_zone": "eu-west-1a",
                            "cidr_block": "10.0.1.0/24",
                            "id": "subnet-3f1a3d64",
                            "map_public_ip_on_launch": "true",
                            "tags.%": "1",
                            "tags.Name": "main-public-1",
                            "vpc_id": "vpc-8a6098ec"
                        },
                        "meta": {
                            "schema_version": "1"
                        },
                        "tainted": false
                    },
                    "deposed": [],
                    "provider": ""
                },
                "aws_subnet.main-public-2": {
                    "type": "aws_subnet",
                    "depends_on": [
                        "aws_vpc.main"
                    ],
                    "primary": {
                        "id": "subnet-56a6bd31",
                        "attributes": {
                            "assign_ipv6_address_on_creation": "false",
                            "availability_zone": "eu-west-1b",
                            "cidr_block": "10.0.2.0/24",
                            "id": "subnet-56a6bd31",
                            "map_public_ip_on_launch": "true",
                            "tags.%": "1",
                            "tags.Name": "main-public-2",
                            "vpc_id": "vpc-8a6098ec"
                        },
                        "meta": {
                            "schema_version": "1"
                        },
                        "tainted": false
                    },
                    "deposed": [],
                    "provider": ""
                },
                "aws_subnet.main-public-3": {
                    "type": "aws_subnet",
                    "depends_on": [
                        "aws_vpc.main"
                    ],
                    "primary": {
                        "id": "subnet-a0d43ae8",
                        "attributes": {
                            "assign_ipv6_address_on_creation": "false",
                            "availability_zone": "eu-west-1c",
                            "cidr_block": "10.0.3.0/24",
                            "id": "subnet-a0d43ae8",
                            "map_public_ip_on_launch": "true",
                            "tags.%": "1",
                            "tags.Name": "main-public-3",
                            "vpc_id": "vpc-8a6098ec"
                        },
                        "meta": {
                            "schema_version": "1"
                        },
                        "tainted": false
                    },
                    "deposed": [],
                    "provider": ""
                },
                "aws_vpc.main": {
                    "type": "aws_vpc",
                    "depends_on": [],
                    "primary": {
                        "id": "vpc-8a6098ec",
                        "attributes": {
                            "assign_generated_ipv6_cidr_block": "false",
                            "cidr_block": "10.0.0.0/16",
                            "default_network_acl_id": "acl-ea34588c",
                            "default_route_table_id": "rtb-e1353687",
                            "default_security_group_id": "sg-34c1234e",
                            "dhcp_options_id": "dopt-5184d135",
                            "enable_classiclink": "false",
                            "enable_dns_hostnames": "true",
                            "enable_dns_support": "true",
                            "id": "vpc-8a6098ec",
                            "instance_tenancy": "default",
                            "main_route_table_id": "rtb-e1353687",
                            "tags.%": "1",
                            "tags.Name": "main"
                        },
                        "meta": {
                            "schema_version": "1"
                        },
                        "tainted": false
                    },
                    "deposed": [],
                    "provider": ""
                },
                "data.template_file.myapp-task-definition-template": {
                    "type": "template_file",
                    "depends_on": [],
                    "primary": {
                        "id": "a05e71a5600cde5438dbb6be01d99331aac6717a45ba6a3126fbe134f1abd5a7",
                        "attributes": {
                            "id": "a05e71a5600cde5438dbb6be01d99331aac6717a45ba6a3126fbe134f1abd5a7",
                            "rendered": "[\n  {\n    \"essential\": true,\n    \"memory\": 256,\n    \"name\": \"myapp\",\n    \"cpu\": 256,\n    \"image\": \"540098831271.dkr.ecr.eu-west-1.amazonaws.com/myapp:33\",\n    \"workingDirectory\": \"/app\",\n    \"command\": [\"npm\", \"start\"],\n    \"portMappings\": [\n        {\n            \"containerPort\": 3000,\n            \"hostPort\": 3000\n        }\n    ]\n  }\n]\n\n",
                            "template": "[\n  {\n    \"essential\": true,\n    \"memory\": 256,\n    \"name\": \"myapp\",\n    \"cpu\": 256,\n    \"image\": \"540098831271.dkr.ecr.eu-west-1.amazonaws.com/myapp:${MYAPP_VERSION}\",\n    \"workingDirectory\": \"/app\",\n    \"command\": [\"npm\", \"start\"],\n    \"portMappings\": [\n        {\n            \"containerPort\": 3000,\n            \"hostPort\": 3000\n        }\n    ]\n  }\n]\n\n",
                            "vars.%": "1",
                            "vars.MYAPP_VERSION": "33"
                        },
                        "meta": {},
                        "tainted": false
                    },
                    "deposed": [],
                    "provider": ""
                }
            },
            "depends_on": []
        }
    ]
}
